// !$*UTF8*$!
{
	archiveVersion = 1;
	classes = {
	};
	objectVersion = 48;
	objects = {

/* Begin PBXBuildFile section */
		EAB06FE2206101E30061C25E /* AppDelegate.swift in Sources */ = {isa = PBXBuildFile; fileRef = EAB06FE1206101E30061C25E /* AppDelegate.swift */; };
		EAB06FE4206101E30061C25E /* CollapsibleViewController.swift in Sources */ = {isa = PBXBuildFile; fileRef = EAB06FE3206101E30061C25E /* CollapsibleViewController.swift */; };
		EAB06FE7206101E30061C25E /* Main.storyboard in Resources */ = {isa = PBXBuildFile; fileRef = EAB06FE5206101E30061C25E /* Main.storyboard */; };
		EAB06FE9206101E30061C25E /* Assets.xcassets in Resources */ = {isa = PBXBuildFile; fileRef = EAB06FE8206101E30061C25E /* Assets.xcassets */; };
		EAB06FEC206101E30061C25E /* LaunchScreen.storyboard in Resources */ = {isa = PBXBuildFile; fileRef = EAB06FEA206101E30061C25E /* LaunchScreen.storyboard */; };
		EAB06FF5206103370061C25E /* mock_values.json in Resources */ = {isa = PBXBuildFile; fileRef = EAB06FF3206103370061C25E /* mock_values.json */; };
		EAB06FFA206125480061C25E /* chevron_down@3x.png in Resources */ = {isa = PBXBuildFile; fileRef = EAB06FF7206125470061C25E /* chevron_down@3x.png */; };
		EAB06FFB206125480061C25E /* chevron_down.png in Resources */ = {isa = PBXBuildFile; fileRef = EAB06FF8206125470061C25E /* chevron_down.png */; };
		EAB06FFC206125480061C25E /* chevron_down@2x.png in Resources */ = {isa = PBXBuildFile; fileRef = EAB06FF9206125480061C25E /* chevron_down@2x.png */; };
		EAB06FFE206133110061C25E /* Extras.swift in Sources */ = {isa = PBXBuildFile; fileRef = EAB06FFD206133110061C25E /* Extras.swift */; };
/* End PBXBuildFile section */

/* Begin PBXFileReference section */
		EAB06FDE206101E30061C25E /* CollapsibleTableViewSections.app */ = {isa = PBXFileReference; explicitFileType = wrapper.application; includeInIndex = 0; path = CollapsibleTableViewSections.app; sourceTree = BUILT_PRODUCTS_DIR; };
		EAB06FE1206101E30061C25E /* AppDelegate.swift */ = {isa = PBXFileReference; lastKnownFileType = sourcecode.swift; path = AppDelegate.swift; sourceTree = "<group>"; };
		EAB06FE3206101E30061C25E /* CollapsibleViewController.swift */ = {isa = PBXFileReference; lastKnownFileType = sourcecode.swift; path = CollapsibleViewController.swift; sourceTree = "<group>"; };
		EAB06FE6206101E30061C25E /* Base */ = {isa = PBXFileReference; lastKnownFileType = file.storyboard; name = Base; path = Base.lproj/Main.storyboard; sourceTree = "<group>"; };
		EAB06FE8206101E30061C25E /* Assets.xcassets */ = {isa = PBXFileReference; lastKnownFileType = folder.assetcatalog; path = Assets.xcassets; sourceTree = "<group>"; };
		EAB06FEB206101E30061C25E /* Base */ = {isa = PBXFileReference; lastKnownFileType = file.storyboard; name = Base; path = Base.lproj/LaunchScreen.storyboard; sourceTree = "<group>"; };
		EAB06FED206101E30061C25E /* Info.plist */ = {isa = PBXFileReference; lastKnownFileType = text.plist.xml; path = Info.plist; sourceTree = "<group>"; };
		EAB06FF3206103370061C25E /* mock_values.json */ = {isa = PBXFileReference; fileEncoding = 4; lastKnownFileType = text.json; path = mock_values.json; sourceTree = "<group>"; };
		EAB06FF7206125470061C25E /* chevron_down@3x.png */ = {isa = PBXFileReference; lastKnownFileType = image.png; path = "chevron_down@3x.png"; sourceTree = "<group>"; };
		EAB06FF8206125470061C25E /* chevron_down.png */ = {isa = PBXFileReference; lastKnownFileType = image.png; path = chevron_down.png; sourceTree = "<group>"; };
		EAB06FF9206125480061C25E /* chevron_down@2x.png */ = {isa = PBXFileReference; lastKnownFileType = image.png; path = "chevron_down@2x.png"; sourceTree = "<group>"; };
		EAB06FFD206133110061C25E /* Extras.swift */ = {isa = PBXFileReference; lastKnownFileType = sourcecode.swift; path = Extras.swift; sourceTree = "<group>"; };
/* End PBXFileReference section */

/* Begin PBXFrameworksBuildPhase section */
		EAB06FDB206101E30061C25E /* Frameworks */ = {
			isa = PBXFrameworksBuildPhase;
			buildActionMask = 2147483647;
			files = (
			);
			runOnlyForDeploymentPostprocessing = 0;
		};
/* End PBXFrameworksBuildPhase section */

/* Begin PBXGroup section */
		EAB06FD5206101E30061C25E = {
			isa = PBXGroup;
			children = (
				EAB06FE0206101E30061C25E /* CollapsibleTableViewSections */,
				EAB06FDF206101E30061C25E /* Products */,
			);
			sourceTree = "<group>";
		};
		EAB06FDF206101E30061C25E /* Products */ = {
			isa = PBXGroup;
			children = (
				EAB06FDE206101E30061C25E /* CollapsibleTableViewSections.app */,
			);
			name = Products;
			sourceTree = "<group>";
		};
		EAB06FE0206101E30061C25E /* CollapsibleTableViewSections */ = {
			isa = PBXGroup;
			children = (
				EAB06FE1206101E30061C25E /* AppDelegate.swift */,
				EAB06FE3206101E30061C25E /* CollapsibleViewController.swift */,
				EAB06FFD206133110061C25E /* Extras.swift */,
				EAB06FE5206101E30061C25E /* Main.storyboard */,
				EAB06FE8206101E30061C25E /* Assets.xcassets */,
				EAB06FEA206101E30061C25E /* LaunchScreen.storyboard */,
				EAB06FED206101E30061C25E /* Info.plist */,
				EAB06FF3206103370061C25E /* mock_values.json */,
				EAB06FF8206125470061C25E /* chevron_down.png */,
				EAB06FF9206125480061C25E /* chevron_down@2x.png */,
				EAB06FF7206125470061C25E /* chevron_down@3x.png */,
			);
			path = CollapsibleTableViewSections;
			sourceTree = "<group>";
		};
/* End PBXGroup section */

/* Begin PBXNativeTarget section */
		EAB06FDD206101E30061C25E /* CollapsibleTableViewSections */ = {
			isa = PBXNativeTarget;
			buildConfigurationList = EAB06FF0206101E30061C25E /* Build configuration list for PBXNativeTarget "CollapsibleTableViewSections" */;
			buildPhases = (
				EAB06FDA206101E30061C25E /* Sources */,
				EAB06FDB206101E30061C25E /* Frameworks */,
				EAB06FDC206101E30061C25E /* Resources */,
			);
			buildRules = (
			);
			dependencies = (
			);
			name = CollapsibleTableViewSections;
			productName = CollapsibleTableViewSections;
			productReference = EAB06FDE206101E30061C25E /* CollapsibleTableViewSections.app */;
			productType = "com.apple.product-type.application";
		};
/* End PBXNativeTarget section */

/* Begin PBXProject section */
		EAB06FD6206101E30061C25E /* Project object */ = {
			isa = PBXProject;
			attributes = {
				LastSwiftUpdateCheck = 0920;
				LastUpgradeCheck = 0920;
				ORGANIZATIONNAME = "Alex Brie";
				TargetAttributes = {
					EAB06FDD206101E30061C25E = {
						CreatedOnToolsVersion = 9.2;
						ProvisioningStyle = Automatic;
					};
				};
			};
			buildConfigurationList = EAB06FD9206101E30061C25E /* Build configuration list for PBXProject "CollapsibleTableViewSections" */;
			compatibilityVersion = "Xcode 8.0";
			developmentRegion = en;
			hasScannedForEncodings = 0;
			knownRegions = (
				en,
				Base,
			);
			mainGroup = EAB06FD5206101E30061C25E;
			productRefGroup = EAB06FDF206101E30061C25E /* Products */;
			projectDirPath = "";
			projectRoot = "";
			targets = (
				EAB06FDD206101E30061C25E /* CollapsibleTableViewSections */,
			);
		};
/* End PBXProject section */

/* Begin PBXResourcesBuildPhase section */
		EAB06FDC206101E30061C25E /* Resources */ = {
			isa = PBXResourcesBuildPhase;
			buildActionMask = 2147483647;
			files = (
				EAB06FEC206101E30061C25E /* LaunchScreen.storyboard in Resources */,
				EAB06FFB206125480061C25E /* chevron_down.png in Resources */,
				EAB06FE9206101E30061C25E /* Assets.xcassets in Resources */,
				EAB06FFC206125480061C25E /* chevron_down@2x.png in Resources */,
				EAB06FE7206101E30061C25E /* Main.storyboard in Resources */,
				EAB06FF5206103370061C25E /* mock_values.json in Resources */,
				EAB06FFA206125480061C25E /* chevron_down@3x.png in Resources */,
			);
			runOnlyForDeploymentPostprocessing = 0;
		};
/* End PBXResourcesBuildPhase section */

/* Begin PBXSourcesBuildPhase section */
		EAB06FDA206101E30061C25E /* Sources */ = {
			isa = PBXSourcesBuildPhase;
			buildActionMask = 2147483647;
			files = (
				EAB06FE4206101E30061C25E /* CollapsibleViewController.swift in Sources */,
				EAB06FFE206133110061C25E /* Extras.swift in Sources */,
				EAB06FE2206101E30061C25E /* AppDelegate.swift in Sources */,
			);
			runOnlyForDeploymentPostprocessing = 0;
		};
/* End PBXSourcesBuildPhase section */

/* Begin PBXVariantGroup section */
		EAB06FE5206101E30061C25E /* Main.storyboard */ = {
			isa = PBXVariantGroup;
			children = (
				EAB06FE6206101E30061C25E /* Base */,
			);
			name = Main.storyboard;
			sourceTree = "<group>";
		};
		EAB06FEA206101E30061C25E /* LaunchScreen.storyboard */ = {
			isa = PBXVariantGroup;
			children = (
				EAB06FEB206101E30061C25E /* Base */,
			);
			name = LaunchScreen.storyboard;
			sourceTree = "<group>";
		};
/* End PBXVariantGroup section */

/* Begin XCBuildConfiguration section */
		EAB06FEE206101E30061C25E /* Debug */ = {
			isa = XCBuildConfiguration;
			buildSettings = {
				ALWAYS_SEARCH_USER_PATHS = NO;
				CLANG_ANALYZER_NONNULL = YES;
				CLANG_ANALYZER_NUMBER_OBJECT_CONVERSION = YES_AGGRESSIVE;
				CLANG_CXX_LANGUAGE_STANDARD = "gnu++14";
				CLANG_CXX_LIBRARY = "libc++";
				CLANG_ENABLE_MODULES = YES;
				CLANG_ENABLE_OBJC_ARC = YES;
				CLANG_WARN_BLOCK_CAPTURE_AUTORELEASING = YES;
				CLANG_WARN_BOOL_CONVERSION = YES;
				CLANG_WARN_COMMA = YES;
				CLANG_WARN_CONSTANT_CONVERSION = YES;
				CLANG_WARN_DIRECT_OBJC_ISA_USAGE = YES_ERROR;
				CLANG_WARN_DOCUMENTATION_COMMENTS = YES;
				CLANG_WARN_EMPTY_BODY = YES;
				CLANG_WARN_ENUM_CONVERSION = YES;
				CLANG_WARN_INFINITE_RECURSION = YES;
				CLANG_WARN_INT_CONVERSION = YES;
				CLANG_WARN_NON_LITERAL_NULL_CONVERSION = YES;
				CLANG_WARN_OBJC_LITERAL_CONVERSION = YES;
				CLANG_WARN_OBJC_ROOT_CLASS = YES_ERROR;
				CLANG_WARN_RANGE_LOOP_ANALYSIS = YES;
				CLANG_WARN_STRICT_PROTOTYPES = YES;
				CLANG_WARN_SUSPICIOUS_MOVE = YES;
				CLANG_WARN_UNGUARDED_AVAILABILITY = YES_AGGRESSIVE;
				CLANG_WARN_UNREACHABLE_CODE = YES;
				CLANG_WARN__DUPLICATE_METHOD_MATCH = YES;
				CODE_SIGN_IDENTITY = "iPhone Developer";
				COPY_PHASE_STRIP = NO;
				DEBUG_INFORMATION_FORMAT = dwarf;
				ENABLE_STRICT_OBJC_MSGSEND = YES;
				ENABLE_TESTABILITY = YES;
				GCC_C_LANGUAGE_STANDARD = gnu11;
				GCC_DYNAMIC_NO_PIC = NO;
				GCC_NO_COMMON_BLOCKS = YES;
				GCC_OPTIMIZATION_LEVEL = 0;
				GCC_PREPROCESSOR_DEFINITIONS = (
					"DEBUG=1",
					"$(inherited)",
				);
				GCC_WARN_64_TO_32_BIT_CONVERSION = YES;
				GCC_WARN_ABOUT_RETURN_TYPE = YES_ERROR;
				GCC_WARN_UNDECLARED_SELECTOR = YES;
				GCC_WARN_UNINITIALIZED_AUTOS = YES_AGGRESSIVE;
				GCC_WARN_UNUSED_FUNCTION = YES;
				GCC_WARN_UNUSED_VARIABLE = YES;
				IPHONEOS_DEPLOYMENT_TARGET = 11.2;
				MTL_ENABLE_DEBUG_INFO = YES;
				ONLY_ACTIVE_ARCH = YES;
				SDKROOT = iphoneos;
				SWIFT_ACTIVE_COMPILATION_CONDITIONS = DEBUG;
				SWIFT_OPTIMIZATION_LEVEL = "-Onone";
			};
			name = Debug;
		};
		EAB06FEF206101E30061C25E /* Release */ = {
			isa = XCBuildConfiguration;
			buildSettings = {
				ALWAYS_SEARCH_USER_PATHS = NO;
				CLANG_ANALYZER_NONNULL = YES;
				CLANG_ANALYZER_NUMBER_OBJECT_CONVERSION = YES_AGGRESSIVE;
				CLANG_CXX_LANGUAGE_STANDARD = "gnu++14";
				CLANG_CXX_LIBRARY = "libc++";
				CLANG_ENABLE_MODULES = YES;
				CLANG_ENABLE_OBJC_ARC = YES;
				CLANG_WARN_BLOCK_CAPTURE_AUTORELEASING = YES;
				CLANG_WARN_BOOL_CONVERSION = YES;
				CLANG_WARN_COMMA = YES;
				CLANG_WARN_CONSTANT_CONVERSION = YES;
				CLANG_WARN_DIRECT_OBJC_ISA_USAGE = YES_ERROR;
				CLANG_WARN_DOCUMENTATION_COMMENTS = YES;
				CLANG_WARN_EMPTY_BODY = YES;
				CLANG_WARN_ENUM_CONVERSION = YES;
				CLANG_WARN_INFINITE_RECURSION = YES;
				CLANG_WARN_INT_CONVERSION = YES;
				CLANG_WARN_NON_LITERAL_NULL_CONVERSION = YES;
				CLANG_WARN_OBJC_LITERAL_CONVERSION = YES;
				CLANG_WARN_OBJC_ROOT_CLASS = YES_ERROR;
				CLANG_WARN_RANGE_LOOP_ANALYSIS = YES;
				CLANG_WARN_STRICT_PROTOTYPES = YES;
				CLANG_WARN_SUSPICIOUS_MOVE = YES;
				CLANG_WARN_UNGUARDED_AVAILABILITY = YES_AGGRESSIVE;
				CLANG_WARN_UNREACHABLE_CODE = YES;
				CLANG_WARN__DUPLICATE_METHOD_MATCH = YES;
				CODE_SIGN_IDENTITY = "iPhone Developer";
				COPY_PHASE_STRIP = NO;
				DEBUG_INFORMATION_FORMAT = "dwarf-with-dsym";
				ENABLE_NS_ASSERTIONS = NO;
				ENABLE_STRICT_OBJC_MSGSEND = YES;
				GCC_C_LANGUAGE_STANDARD = gnu11;
				GCC_NO_COMMON_BLOCKS = YES;
				GCC_WARN_64_TO_32_BIT_CONVERSION = YES;
				GCC_WARN_ABOUT_RETURN_TYPE = YES_ERROR;
				GCC_WARN_UNDECLARED_SELECTOR = YES;
				GCC_WARN_UNINITIALIZED_AUTOS = YES_AGGRESSIVE;
				GCC_WARN_UNUSED_FUNCTION = YES;
				GCC_WARN_UNUSED_VARIABLE = YES;
				IPHONEOS_DEPLOYMENT_TARGET = 11.2;
				MTL_ENABLE_DEBUG_INFO = NO;
				SDKROOT = iphoneos;
				SWIFT_OPTIMIZATION_LEVEL = "-Owholemodule";
				VALIDATE_PRODUCT = YES;
			};
			name = Release;
		};
		EAB06FF1206101E30061C25E /* Debug */ = {
			isa = XCBuildConfiguration;
			buildSettings = {
				ASSETCATALOG_COMPILER_APPICON_NAME = AppIcon;
				CODE_SIGN_STYLE = Automatic;
				DEVELOPMENT_TEAM = 8NMQD9FJ73;
				INFOPLIST_FILE = CollapsibleTableViewSections/Info.plist;
				LD_RUNPATH_SEARCH_PATHS = "$(inherited) @executable_path/Frameworks";
				PRODUCT_BUNDLE_IDENTIFIER = net.alexbrie.CollapsibleTableViewSections;
				PRODUCT_NAME = "$(TARGET_NAME)";
				SWIFT_VERSION = 4.0;
				TARGETED_DEVICE_FAMILY = "1,2";
			};
			name = Debug;
		};
		EAB06FF2206101E30061C25E /* Release */ = {
			isa = XCBuildConfiguration;
			buildSettings = {
				ASSETCATALOG_COMPILER_APPICON_NAME = AppIcon;
				CODE_SIGN_STYLE = Automatic;
				DEVELOPMENT_TEAM = 8NMQD9FJ73;
				INFOPLIST_FILE = CollapsibleTableViewSections/Info.plist;
				LD_RUNPATH_SEARCH_PATHS = "$(inherited) @executable_path/Frameworks";
				PRODUCT_BUNDLE_IDENTIFIER = net.alexbrie.CollapsibleTableViewSections;
				PRODUCT_NAME = "$(TARGET_NAME)";
				SWIFT_VERSION = 4.0;
				TARGETED_DEVICE_FAMILY = "1,2";
			};
			name = Release;
		};
/* End XCBuildConfiguration section */

/* Begin XCConfigurationList section */
		EAB06FD9206101E30061C25E /* Build configuration list for PBXProject "CollapsibleTableViewSections" */ = {
			isa = XCConfigurationList;
			buildConfigurations = (
				EAB06FEE206101E30061C25E /* Debug */,
				EAB06FEF206101E30061C25E /* Release */,
			);
			defaultConfigurationIsVisible = 0;
			defaultConfigurationName = Release;
		};
		EAB06FF0206101E30061C25E /* Build configuration list for PBXNativeTarget "CollapsibleTableViewSections" */ = {
			isa = XCConfigurationList;
			buildConfigurations = (
				EAB06FF1206101E30061C25E /* Debug */,
				EAB06FF2206101E30061C25E /* Release */,
			);
			defaultConfigurationIsVisible = 0;
			defaultConfigurationName = Release;
		};
/* End XCConfigurationList section */
	};
	rootObject = EAB06FD6206101E30061C25E /* Project object */;
}
